github.com/aws/aws-sdk-go-v2 v1.32.3 h1:T0dRlFBKcdaUPGNtkBSwHZxrtis8CQU17UpNBZYd0wk=
github.com/aws/aws-sdk-go-v2 v1.32.3/go.mod h1:2SK5n0a2karNTv5tbP1SjsX0uhttou00v/HpXKM1ZUo=
github.com/aws/aws-sdk-go-v2 v1.36.3 h1:mJoei2CxPutQVxaATCzDUjcZEjVRdpsiiXi2o38yqWM=
github.com/aws/aws-sdk-go-v2 v1.36.3/go.mod h1:LLXuLpgzEbD766Z5ECcRmi8AzSwfZItDtmABVkRLGzg=
github.com/aws/aws-sdk-go-v2/aws/protocol/eventstream v1.6.6 h1:pT3hpW0cOHRJx8Y0DfJUEQuqPild8jRGmSFmBgvydr0=
github.com/aws/aws-sdk-go-v2/aws/protocol/eventstream v1.6.6/go.mod h1:j/I2++U0xX+cr44QjHay4Cvxj6FUbnxrgmqN3H1jTZA=
github.com/aws/aws-sdk-go-v2/aws/protocol/eventstream v1.6.10 h1:zAybnyUQXIZ5mok5Jqwlf58/TFE7uvd3IAsa1aF9cXs=
github.com/aws/aws-sdk-go-v2/aws/protocol/eventstream v1.6.10/go.mod h1:qqvMj6gHLR/EXWZw4ZbqlPbQUyenf4h82UQUlKc+l14=
github.com/aws/aws-sdk-go-v2/config v1.28.1 h1:oxIvOUXy8x0U3fR//0eq+RdCKimWI900+SV+10xsCBw=
github.com/aws/aws-sdk-go-v2/config v1.28.1/go.mod h1:bRQcttQJiARbd5JZxw6wG0yIK3eLeSCPdg6uqmmlIiI=
github.com/aws/aws-sdk-go-v2/config v1.29.13 h1:RgdPqWoE8nPpIekpVpDJsBckbqT4Liiaq9f35pbTh1Y=
github.com/aws/aws-sdk-go-v2/config v1.29.13/go.mod h1:NI28qs/IOUIRhsR7GQ/JdexoqRN9tDxkIrYZq0SOF44=
github.com/aws/aws-sdk-go-v2/credentials v1.17.42 h1:sBP0RPjBU4neGpIYyx8mkU2QqLPl5u9cmdTWVzIpHkM=
github.com/aws/aws-sdk-go-v2/credentials v1.17.42/go.mod h1:FwZBfU530dJ26rv9saAbxa9Ej3eF/AK0OAY86k13n4M=
github.com/aws/aws-sdk-go-v2/credentials v1.17.66 h1:aKpEKaTy6n4CEJeYI1MNj97oSDLi4xro3UzQfwf5RWE=
github.com/aws/aws-sdk-go-v2/credentials v1.17.66/go.mod h1:xQ5SusDmHb/fy55wU0QqTy0yNfLqxzec59YcsRZB+rI=
github.com/aws/aws-sdk-go-v2/feature/ec2/imds v1.16.18 h1:68jFVtt3NulEzojFesM/WVarlFpCaXLKaBxDpzkQ9OQ=
github.com/aws/aws-sdk-go-v2/feature/ec2/imds v1.16.18/go.mod h1:Fjnn5jQVIo6VyedMc0/EhPpfNlPl7dHV916O6B+49aE=
github.com/aws/aws-sdk-go-v2/feature/ec2/imds v1.16.30 h1:x793wxmUWVDhshP8WW2mlnXuFrO4cOd3HLBroh1paFw=
github.com/aws/aws-sdk-go-v2/feature/ec2/imds v1.16.30/go.mod h1:Jpne2tDnYiFascUEs2AWHJL9Yp7A5ZVy3TNyxaAjD6M=
github.com/aws/aws-sdk-go-v2/internal/configsources v1.3.22 h1:Jw50LwEkVjuVzE1NzkhNKkBf9cRN7MtE1F/b2cOKTUM=
github.com/aws/aws-sdk-go-v2/internal/configsources v1.3.22/go.mod h1:Y/SmAyPcOTmpeVaWSzSKiILfXTVJwrGmYZhcRbhWuEY=
github.com/aws/aws-sdk-go-v2/internal/configsources v1.3.34 h1:ZK5jHhnrioRkUNOc+hOgQKlUL5JeC3S6JgLxtQ+Rm0Q=
github.com/aws/aws-sdk-go-v2/internal/configsources v1.3.34/go.mod h1:p4VfIceZokChbA9FzMbRGz5OV+lekcVtHlPKEO0gSZY=
github.com/aws/aws-sdk-go-v2/internal/endpoints/v2 v2.6.22 h1:981MHwBaRZM7+9QSR6XamDzF/o7ouUGxFzr+nVSIhrs=
github.com/aws/aws-sdk-go-v2/internal/endpoints/v2 v2.6.22/go.mod h1:1RA1+aBEfn+CAB/Mh0MB6LsdCYCnjZm7tKXtnk499ZQ=
github.com/aws/aws-sdk-go-v2/internal/endpoints/v2 v2.6.34 h1:SZwFm17ZUNNg5Np0ioo/gq8Mn6u9w19Mri8DnJ15Jf0=
github.com/aws/aws-sdk-go-v2/internal/endpoints/v2 v2.6.34/go.mod h1:dFZsC0BLo346mvKQLWmoJxT+Sjp+qcVR1tRVHQGOH9Q=
github.com/aws/aws-sdk-go-v2/internal/ini v1.8.1 h1:VaRN3TlFdd6KxX1x3ILT5ynH6HvKgqdiXoTxAF4HQcQ=
github.com/aws/aws-sdk-go-v2/internal/ini v1.8.1/go.mod h1:FbtygfRFze9usAadmnGJNc8KsP346kEe+y2/oyhGAGc=
github.com/aws/aws-sdk-go-v2/internal/ini v1.8.3 h1:bIqFDwgGXXN1Kpp99pDOdKMTTb5d2KyU5X/BZxjOkRo=
github.com/aws/aws-sdk-go-v2/internal/ini v1.8.3/go.mod h1:H5O/EsxDWyU+LP/V8i5sm8cxoZgc2fdNR9bxlOFrQTo=
github.com/aws/aws-sdk-go-v2/internal/v4a v1.3.22 h1:yV+hCAHZZYJQcwAaszoBNwLbPItHvApxT0kVIw6jRgs=
github.com/aws/aws-sdk-go-v2/internal/v4a v1.3.22/go.mod h1:kbR1TL8llqB1eGnVbybcA4/wgScxdylOdyAd51yxPdw=
github.com/aws/aws-sdk-go-v2/internal/v4a v1.3.34 h1:ZNTqv4nIdE/DiBfUUfXcLZ/Spcuz+RjeziUtNJackkM=
github.com/aws/aws-sdk-go-v2/internal/v4a v1.3.34/go.mod h1:zf7Vcd1ViW7cPqYWEHLHJkS50X0JS2IKz9Cgaj6ugrs=
github.com/aws/aws-sdk-go-v2/service/internal/accept-encoding v1.12.0 h1:TToQNkvGguu209puTojY/ozlqy2d/SFNcoLIqTFi42g=
github.com/aws/aws-sdk-go-v2/service/internal/accept-encoding v1.12.0/go.mod h1:0jp+ltwkf+SwG2fm/PKo8t4y8pJSgOCO4D8Lz3k0aHQ=
github.com/aws/aws-sdk-go-v2/service/internal/accept-encoding v1.12.3 h1:eAh2A4b5IzM/lum78bZ590jy36+d/aFLgKF/4Vd1xPE=
github.com/aws/aws-sdk-go-v2/service/internal/accept-encoding v1.12.3/go.mod h1:0yKJC/kb8sAnmlYa6Zs3QVYqaC8ug2AbnNChv5Ox3uA=
github.com/aws/aws-sdk-go-v2/service/internal/checksum v1.4.3 h1:kT6BcZsmMtNkP/iYMcRG+mIEA/IbeiUimXtGmqF39y0=
github.com/aws/aws-sdk-go-v2/service/internal/checksum v1.4.3/go.mod h1:Z8uGua2k4PPaGOYn66pK02rhMrot3Xk3tpBuUFPomZU=
github.com/aws/aws-sdk-go-v2/service/internal/checksum v1.7.0 h1:lguz0bmOoGzozP9XfRJR1QIayEYo+2vP/No3OfLF0pU=
github.com/aws/aws-sdk-go-v2/service/internal/checksum v1.7.0/go.mod h1:iu6FSzgt+M2/x3Dk8zhycdIcHjEFb36IS8HVUVFoMg0=
github.com/aws/aws-sdk-go-v2/service/internal/presigned-url v1.12.3 h1:qcxX0JYlgWH3hpPUnd6U0ikcl6LLA9sLkXE2w1fpMvY=
github.com/aws/aws-sdk-go-v2/service/internal/presigned-url v1.12.3/go.mod h1:cLSNEmI45soc+Ef8K/L+8sEA3A3pYFEYf5B5UI+6bH4=
github.com/aws/aws-sdk-go-v2/service/internal/presigned-url v1.12.15 h1:dM9/92u2F1JbDaGooxTq18wmmFzbJRfXfVfy96/1CXM=
github.com/aws/aws-sdk-go-v2/service/internal/presigned-url v1.12.15/go.mod h1:SwFBy2vjtA0vZbjjaFtfN045boopadnoVPhu4Fv66vY=
github.com/aws/aws-sdk-go-v2/service/internal/s3shared v1.18.3 h1:ZC7Y/XgKUxwqcdhO5LE8P6oGP1eh6xlQReWNKfhvJno=
github.com/aws/aws-sdk-go-v2/service/internal/s3shared v1.18.3/go.mod h1:WqfO7M9l9yUAw0HcHaikwRd/H6gzYdz7vjejCA5e2oY=
github.com/aws/aws-sdk-go-v2/service/internal/s3shared v1.18.15 h1:moLQUoVq91LiqT1nbvzDukyqAlCv89ZmwaHw/ZFlFZg=
github.com/aws/aws-sdk-go-v2/service/internal/s3shared v1.18.15/go.mod h1:ZH34PJUc8ApjBIfgQCFvkWcUDBtl/WTD+uiYHjd8igA=
github.com/aws/aws-sdk-go-v2/service/s3 v1.66.2 h1:p9TNFL8bFUMd+38YIpTAXpoxyz0MxC7FlbFEH4P4E1U=
github.com/aws/aws-sdk-go-v2/service/s3 v1.66.2/go.mod h1:fNjyo0Coen9QTwQLWeV6WO2Nytwiu+cCcWaTdKCAqqE=
github.com/aws/aws-sdk-go-v2/service/s3 v1.79.1 h1:2Ku1xwAohSSXHR1tpAnyVDSQSxoDMA+/NZBytW+f4qg=
github.com/aws/aws-sdk-go-v2/service/s3 v1.79.1/go.mod h1:U5SNqwhXB3Xe6F47kXvWihPl/ilGaEDe8HD/50Z9wxc=
github.com/aws/aws-sdk-go-v2/service/sso v1.24.3 h1:UTpsIf0loCIWEbrqdLb+0RxnTXfWh2vhw4nQmFi4nPc=
github.com/aws/aws-sdk-go-v2/service/sso v1.24.3/go.mod h1:FZ9j3PFHHAR+w0BSEjK955w5YD2UwB/l/H0yAK3MJvI=
github.com/aws/aws-sdk-go-v2/service/sso v1.25.3 h1:1Gw+9ajCV1jogloEv1RRnvfRFia2cL6c9cuKV2Ps+G8=
github.com/aws/aws-sdk-go-v2/service/sso v1.25.3/go.mod h1:qs4a9T5EMLl/Cajiw2TcbNt2UNo/Hqlyp+GiuG4CFDI=
github.com/aws/aws-sdk-go-v2/service/ssooidc v1.28.3 h1:2YCmIXv3tmiItw0LlYf6v7gEHebLY45kBEnPezbUKyU=
github.com/aws/aws-sdk-go-v2/service/ssooidc v1.28.3/go.mod h1:u19stRyNPxGhj6dRm+Cdgu6N75qnbW7+QN0q0dsAk58=
github.com/aws/aws-sdk-go-v2/service/ssooidc v1.30.1 h1:hXmVKytPfTy5axZ+fYbR5d0cFmC3JvwLm5kM83luako=
github.com/aws/aws-sdk-go-v2/service/ssooidc v1.30.1/go.mod h1:MlYRNmYu/fGPoxBQVvBYr9nyr948aY/WLUvwBMBJubs=
github.com/aws/aws-sdk-go-v2/service/sts v1.32.3 h1:wVnQ6tigGsRqSWDEEyH6lSAJ9OyFUsSnbaUWChuSGzs=
github.com/aws/aws-sdk-go-v2/service/sts v1.32.3/go.mod h1:VZa9yTFyj4o10YGsmDO4gbQJUvvhY72fhumT8W4LqsE=
github.com/aws/aws-sdk-go-v2/service/sts v1.33.18 h1:xz7WvTMfSStb9Y8NpCT82FXLNC3QasqBfuAFHY4Pk5g=
github.com/aws/aws-sdk-go-v2/service/sts v1.33.18/go.mod h1:cQnB8CUnxbMU82JvlqjKR2HBOm3fe9pWorWBza6MBJ4=
github.com/aws/smithy-go v1.22.0 h1:uunKnWlcoL3zO7q+gG2Pk53joueEOsnNB28QdMsmiMM=
github.com/aws/smithy-go v1.22.0/go.mod h1:irrKGvNn1InZwb2d7fkIRNucdfwR8R+Ts3wxYa/cJHg=
github.com/aws/smithy-go v1.22.3 h1:Z//5NuZCSW6R4PhQ93hShNbyBbn8BWCmCVCt+Q8Io5k=
github.com/aws/smithy-go v1.22.3/go.mod h1:t1ufH5HMublsJYulve2RKmHDC15xu1f26kHCp/HgceI=
github.com/gabriel-vasile/mimetype v1.4.8 h1:FfZ3gj38NjllZIeJAmMhr+qKL8Wu+nOoI3GqacKw1NM=
github.com/gabriel-vasile/mimetype v1.4.8/go.mod h1:ByKUIKGjh1ODkGM1asKUbQZOLGrPjydw3hYPU2YU9t8=
golang.org/x/net v0.33.0 h1:74SYHlV8BIgHIFC/LrYkOGIwL19eTYXQ5wc6TBuO36I=
golang.org/x/net v0.33.0/go.mod h1:HXLR5J+9DxmrqMwG9qjGCxZ+zKXxBru04zlTvWlWuN4=
